
Microsoft Visual Studio Solution File, Format Version 12.00
# Visual Studio Version 16
VisualStudioVersion = 16.0.29613.14
MinimumVisualStudioVersion = 10.0.40219.1
Project("{FAE04EC0-301F-11D3-BF4B-00C04F79EFBC}") = "AESCripto", "AESCripto\AESCripto.csproj", "{6B77F1C5-43DF-4333-B338-EF3BF61D5663}"
EndProject
Global
	GlobalSection(SolutionConfigurationPlatforms) = preSolution
		Debug|Any CPU = Debug|Any CPU
		Release|Any CPU = Release|Any CPU
	EndGlobalSection
	GlobalSection(ProjectConfigurationPlatforms) = postSolution
		{6B77F1C5-43DF-4333-B338-EF3BF61D5663}.Debug|Any CPU.ActiveCfg = Debug|Any CPU
		{6B77F1C5-43DF-4333-B338-EF3BF61D5663}.Debug|Any CPU.Build.0 = Debug|Any CPU
		{6B77F1C5-43DF-4333-B338-EF3BF61D5663}.Release|Any CPU.ActiveCfg = Release|Any CPU
		{6B77F1C5-43DF-4333-B338-EF3BF61D5663}.Release|Any CPU.Build.0 = Release|Any CPU
	EndGlobalSection
	GlobalSection(SolutionProperties) = preSolution
		HideSolutionNode = FALSE
	EndGlobalSection
	GlobalSection(ExtensibilityGlobals) = postSolution
		SolutionGuid = {C9FE0C77-1025-4F77-BAAB-84338A7336EE}
	EndGlobalSection
EndGlobal
